%{"bear": {:git, "git://github.com/boundary/bear.git", "5f998064d178b1b8d01ed90c228d50d8097b12d3", [tag: "0.8.1"]},
  "conform": {:package, "0.10.0"},
  "cowboy": {:git, "git://github.com/extend/cowboy.git", "021f4f6069e5fae326bdfb0acb12c6500082fa44", [tag: "1.0.0"]},
  "cowlib": {:git, "git://github.com/extend/cowlib.git", "d544a494af4dbc810fc9c15eaf5cc050cced1501", [ref: "1.0.0"]},
  "exrm": {:package, "0.14.0"},
  "folsom": {:git, "https://github.com/boundary/folsom.git", "4824aec693c7f284363f19d999289952ec4ed586", [ref: "master"]},
  "genx": {:git, "git://github.com/yrashk/genx.git", "2166f78f6f588a732d159b193d983f4048d46088", [branch: "master"]},
  "meck": {:git, "git://github.com/eproxus/meck", "dde759050eff19a1a80fd854d7375174b191665d", [tag: "0.8.2"]},
  "poolboy": {:git, "git://github.com/devinus/poolboy.git", "1d97facfd991f2606ae1d431cb98e624514ed9de", [branch: "master"]},
  "proper": {:git, "git://github.com/manopapad/proper.git", "043f68f2102f366abaa5c5dbf2b55b833d7e90bd", [tag: "master"]},
  "protobuffs": {:git, "git://github.com/basho/erlang_protobuffs.git", "f90e025518bdfbe48d6303c6aa5101297c56fb7b", [tag: "0.8.1"]},
  "ranch": {:git, "git://github.com/extend/ranch.git", "adf1822defc2b7cfdc7aca112adabfa1d614043c", [ref: "1.0.0"]},
  "riak_pb": {:git, "git://github.com/basho/riak_pb", "26967cdefebdc6183fa0057644bed8cfc5ee36c9", [tag: "1.4.1.1"]},
  "riakc": {:git, "git://github.com/basho/riak-erlang-client.git", "5920cb659a2bf0985d1cf383a3a22a71fcf0aac3", [tag: "1.4.1"]},
  "riakc_poolboy": {:git, "git://github.com/puzza007/riakc_poolboy.git", "a8f79f7abf7557bfe4769f84ca170def3b73ab03", [branch: "master"]}}
